
Microsoft Visual Studio Solution File, Format Version 12.00
# Visual Studio Version 16
VisualStudioVersion = 16.0.31005.135
MinimumVisualStudioVersion = 10.0.40219.1
Project("{FAE04EC0-301F-11D3-BF4B-00C04F79EFBC}") = "CasesApi", "CasesApi\CasesApi.csproj", "{81E1234F-AAE7-45BD-B043-03D3150977AD}"
EndProject
Global
	GlobalSection(SolutionConfigurationPlatforms) = preSolution
		Debug|Any CPU = Debug|Any CPU
		Release|Any CPU = Release|Any CPU
	EndGlobalSection
	GlobalSection(ProjectConfigurationPlatforms) = postSolution
		{81E1234F-AAE7-45BD-B043-03D3150977AD}.Debug|Any CPU.ActiveCfg = Debug|Any CPU
		{81E1234F-AAE7-45BD-B043-03D3150977AD}.Debug|Any CPU.Build.0 = Debug|Any CPU
		{81E1234F-AAE7-45BD-B043-03D3150977AD}.Release|Any CPU.ActiveCfg = Release|Any CPU
		{81E1234F-AAE7-45BD-B043-03D3150977AD}.Release|Any CPU.Build.0 = Release|Any CPU
	EndGlobalSection
	GlobalSection(SolutionProperties) = preSolution
		HideSolutionNode = FALSE
	EndGlobalSection
	GlobalSection(ExtensibilityGlobals) = postSolution
		SolutionGuid = {8B39DC40-9D0B-4E51-8782-DC65378A155E}
	EndGlobalSection
EndGlobal
